
Microsoft Visual Studio Solution File, Format Version 12.00
# Visual Studio Version 17
VisualStudioVersion = 17.0.31903.59
MinimumVisualStudioVersion = 10.0.40219.1
Project("{9A19103F-16F7-4668-BE54-9A1E7A4F7556}") = "Projekt_IOP", "Projekt_IOP.csproj", "{E16BE04E-2C7A-4C0F-ABE4-1DE46A46AFE0}"
EndProject
Global
	GlobalSection(SolutionConfigurationPlatforms) = preSolution
		Debug|Any CPU = Debug|Any CPU
		Release|Any CPU = Release|Any CPU
	EndGlobalSection
	GlobalSection(ProjectConfigurationPlatforms) = postSolution
		{E16BE04E-2C7A-4C0F-ABE4-1DE46A46AFE0}.Debug|Any CPU.ActiveCfg = Debug|Any CPU
		{E16BE04E-2C7A-4C0F-ABE4-1DE46A46AFE0}.Debug|Any CPU.Build.0 = Debug|Any CPU
		{E16BE04E-2C7A-4C0F-ABE4-1DE46A46AFE0}.Release|Any CPU.ActiveCfg = Release|Any CPU
		{E16BE04E-2C7A-4C0F-ABE4-1DE46A46AFE0}.Release|Any CPU.Build.0 = Release|Any CPU
	EndGlobalSection
	GlobalSection(SolutionProperties) = preSolution
		HideSolutionNode = FALSE
	EndGlobalSection
	GlobalSection(ExtensibilityGlobals) = postSolution
		SolutionGuid = {AE3D5F54-9BF5-4C89-8908-D929A3BC039E}
	EndGlobalSection
EndGlobal
